
Microsoft Visual Studio Solution File, Format Version 12.00
# Visual Studio Version 17
VisualStudioVersion = 17.6.33829.357
MinimumVisualStudioVersion = 10.0.40219.1
Project("{FAE04EC0-301F-11D3-BF4B-00C04F79EFBC}") = "WebAppLegacyWin", "WebAppLegacyWin.csproj", "{BD073853-2D56-4ADA-A53F-11E80424AB61}"
EndProject
Global
	GlobalSection(SolutionConfigurationPlatforms) = preSolution
		Debug|Any CPU = Debug|Any CPU
		Release|Any CPU = Release|Any CPU
	EndGlobalSection
	GlobalSection(ProjectConfigurationPlatforms) = postSolution
		{BD073853-2D56-4ADA-A53F-11E80424AB61}.Debug|Any CPU.ActiveCfg = Debug|Any CPU
		{BD073853-2D56-4ADA-A53F-11E80424AB61}.Debug|Any CPU.Build.0 = Debug|Any CPU
		{BD073853-2D56-4ADA-A53F-11E80424AB61}.Release|Any CPU.ActiveCfg = Release|Any CPU
		{BD073853-2D56-4ADA-A53F-11E80424AB61}.Release|Any CPU.Build.0 = Release|Any CPU
	EndGlobalSection
	GlobalSection(SolutionProperties) = preSolution
		HideSolutionNode = FALSE
	EndGlobalSection
	GlobalSection(ExtensibilityGlobals) = postSolution
		SolutionGuid = {7B31790B-E2C6-4547-BF6F-A7365D815CEE}
	EndGlobalSection
EndGlobal
